
Microsoft Visual Studio Solution File, Format Version 12.00
# Visual Studio 15
VisualStudioVersion = 15.0.27004.2002
MinimumVisualStudioVersion = 10.0.40219.1
Project("{FAE04EC0-301F-11D3-BF4B-00C04F79EFBC}") = "Chess", "Szachy\Chess.csproj", "{62D88B20-C6EA-448B-A1CD-4D7813AB3EDA}"
EndProject
Project("{FAE04EC0-301F-11D3-BF4B-00C04F79EFBC}") = "Basic", "Basic\Basic.csproj", "{D95BB0F9-6CCC-4378-8331-4F6D7B9D8101}"
EndProject
Global
	GlobalSection(SolutionConfigurationPlatforms) = preSolution
		Debug|Any CPU = Debug|Any CPU
		Release|Any CPU = Release|Any CPU
	EndGlobalSection
	GlobalSection(ProjectConfigurationPlatforms) = postSolution
		{62D88B20-C6EA-448B-A1CD-4D7813AB3EDA}.Debug|Any CPU.ActiveCfg = Debug|Any CPU
		{62D88B20-C6EA-448B-A1CD-4D7813AB3EDA}.Debug|Any CPU.Build.0 = Debug|Any CPU
		{62D88B20-C6EA-448B-A1CD-4D7813AB3EDA}.Release|Any CPU.ActiveCfg = Release|Any CPU
		{62D88B20-C6EA-448B-A1CD-4D7813AB3EDA}.Release|Any CPU.Build.0 = Release|Any CPU
		{D95BB0F9-6CCC-4378-8331-4F6D7B9D8101}.Debug|Any CPU.ActiveCfg = Debug|Any CPU
		{D95BB0F9-6CCC-4378-8331-4F6D7B9D8101}.Debug|Any CPU.Build.0 = Debug|Any CPU
		{D95BB0F9-6CCC-4378-8331-4F6D7B9D8101}.Release|Any CPU.ActiveCfg = Release|Any CPU
		{D95BB0F9-6CCC-4378-8331-4F6D7B9D8101}.Release|Any CPU.Build.0 = Release|Any CPU
	EndGlobalSection
	GlobalSection(SolutionProperties) = preSolution
		HideSolutionNode = FALSE
	EndGlobalSection
	GlobalSection(ExtensibilityGlobals) = postSolution
		SolutionGuid = {F2B62DF4-07CF-4D0F-8A0C-DCC700240C74}
	EndGlobalSection
EndGlobal
